
Microsoft Visual Studio Solution File, Format Version 12.00
# Visual Studio Version 16
VisualStudioVersion = 16.0.31402.337
MinimumVisualStudioVersion = 10.0.40219.1
Project("{FAE04EC0-301F-11D3-BF4B-00C04F79EFBC}") = "YTLinkGetter", "YTLinkGetter\YTLinkGetter.csproj", "{4B659FA4-6444-4457-8CF2-3390D732C039}"
EndProject
Global
	GlobalSection(SolutionConfigurationPlatforms) = preSolution
		Debug|Any CPU = Debug|Any CPU
		Release|Any CPU = Release|Any CPU
	EndGlobalSection
	GlobalSection(ProjectConfigurationPlatforms) = postSolution
		{4B659FA4-6444-4457-8CF2-3390D732C039}.Debug|Any CPU.ActiveCfg = Debug|Any CPU
		{4B659FA4-6444-4457-8CF2-3390D732C039}.Debug|Any CPU.Build.0 = Debug|Any CPU
		{4B659FA4-6444-4457-8CF2-3390D732C039}.Release|Any CPU.ActiveCfg = Release|Any CPU
		{4B659FA4-6444-4457-8CF2-3390D732C039}.Release|Any CPU.Build.0 = Release|Any CPU
	EndGlobalSection
	GlobalSection(SolutionProperties) = preSolution
		HideSolutionNode = FALSE
	EndGlobalSection
	GlobalSection(ExtensibilityGlobals) = postSolution
		SolutionGuid = {8FA49808-02ED-42D6-90B4-195234F2F519}
	EndGlobalSection
EndGlobal
